// !$*UTF8*$!
{
	archiveVersion = 1;
	classes = {
	};
	objectVersion = 46;
	objects = {

/* Begin PBXBuildFile section */
		2A0AAA781EB642D300DC2CE4 /* WeatherViewController.swift in Sources */ = {isa = PBXBuildFile; fileRef = 2A0AAA771EB642D300DC2CE4 /* WeatherViewController.swift */; };
		2A476E6B1EB3DAE400D9FFC1 /* AppDelegate.swift in Sources */ = {isa = PBXBuildFile; fileRef = 2A476E6A1EB3DAE400D9FFC1 /* AppDelegate.swift */; };
		2A476E6D1EB3DAE400D9FFC1 /* ViewController.swift in Sources */ = {isa = PBXBuildFile; fileRef = 2A476E6C1EB3DAE400D9FFC1 /* ViewController.swift */; };
		2A476E701EB3DAE400D9FFC1 /* Main.storyboard in Resources */ = {isa = PBXBuildFile; fileRef = 2A476E6E1EB3DAE400D9FFC1 /* Main.storyboard */; };
		2A476E721EB3DAE400D9FFC1 /* Assets.xcassets in Resources */ = {isa = PBXBuildFile; fileRef = 2A476E711EB3DAE400D9FFC1 /* Assets.xcassets */; };
		2A476E751EB3DAE400D9FFC1 /* LaunchScreen.storyboard in Resources */ = {isa = PBXBuildFile; fileRef = 2A476E731EB3DAE400D9FFC1 /* LaunchScreen.storyboard */; };
		2A8A1B8E1EB5183F00808162 /* TableViewViewController.swift in Sources */ = {isa = PBXBuildFile; fileRef = 2A8A1B8D1EB5183F00808162 /* TableViewViewController.swift */; };
		2A8A1B901EB5372300808162 /* DescirptionViewController.swift in Sources */ = {isa = PBXBuildFile; fileRef = 2A8A1B8F1EB5372300808162 /* DescirptionViewController.swift */; };
		62DAD0AED05130DB965DCE55 /* Pods_NewsApp.framework in Frameworks */ = {isa = PBXBuildFile; fileRef = 07D8E153AABE2E834E24B469 /* Pods_NewsApp.framework */; };
/* End PBXBuildFile section */

/* Begin PBXFileReference section */
		07D8E153AABE2E834E24B469 /* Pods_NewsApp.framework */ = {isa = PBXFileReference; explicitFileType = wrapper.framework; includeInIndex = 0; path = Pods_NewsApp.framework; sourceTree = BUILT_PRODUCTS_DIR; };
		0A4DAEB1D04FB5DAD3444076 /* Pods-NewsApp.debug.xcconfig */ = {isa = PBXFileReference; includeInIndex = 1; lastKnownFileType = text.xcconfig; name = "Pods-NewsApp.debug.xcconfig"; path = "Pods/Target Support Files/Pods-NewsApp/Pods-NewsApp.debug.xcconfig"; sourceTree = "<group>"; };
		2A0AAA771EB642D300DC2CE4 /* WeatherViewController.swift */ = {isa = PBXFileReference; fileEncoding = 4; lastKnownFileType = sourcecode.swift; path = WeatherViewController.swift; sourceTree = "<group>"; };
		2A476E671EB3DAE400D9FFC1 /* NewsApp.app */ = {isa = PBXFileReference; explicitFileType = wrapper.application; includeInIndex = 0; path = NewsApp.app; sourceTree = BUILT_PRODUCTS_DIR; };
		2A476E6A1EB3DAE400D9FFC1 /* AppDelegate.swift */ = {isa = PBXFileReference; lastKnownFileType = sourcecode.swift; path = AppDelegate.swift; sourceTree = "<group>"; };
		2A476E6C1EB3DAE400D9FFC1 /* ViewController.swift */ = {isa = PBXFileReference; lastKnownFileType = sourcecode.swift; path = ViewController.swift; sourceTree = "<group>"; };
		2A476E6F1EB3DAE400D9FFC1 /* Base */ = {isa = PBXFileReference; lastKnownFileType = file.storyboard; name = Base; path = Base.lproj/Main.storyboard; sourceTree = "<group>"; };
		2A476E711EB3DAE400D9FFC1 /* Assets.xcassets */ = {isa = PBXFileReference; lastKnownFileType = folder.assetcatalog; path = Assets.xcassets; sourceTree = "<group>"; };
		2A476E741EB3DAE400D9FFC1 /* Base */ = {isa = PBXFileReference; lastKnownFileType = file.storyboard; name = Base; path = Base.lproj/LaunchScreen.storyboard; sourceTree = "<group>"; };
		2A476E761EB3DAE400D9FFC1 /* Info.plist */ = {isa = PBXFileReference; lastKnownFileType = text.plist.xml; path = Info.plist; sourceTree = "<group>"; };
		2A8A1B8D1EB5183F00808162 /* TableViewViewController.swift */ = {isa = PBXFileReference; fileEncoding = 4; lastKnownFileType = sourcecode.swift; path = TableViewViewController.swift; sourceTree = "<group>"; };
		2A8A1B8F1EB5372300808162 /* DescirptionViewController.swift */ = {isa = PBXFileReference; fileEncoding = 4; lastKnownFileType = sourcecode.swift; path = DescirptionViewController.swift; sourceTree = "<group>"; };
		DAFB8BC3CBD655825D4269A8 /* Pods-NewsApp.release.xcconfig */ = {isa = PBXFileReference; includeInIndex = 1; lastKnownFileType = text.xcconfig; name = "Pods-NewsApp.release.xcconfig"; path = "Pods/Target Support Files/Pods-NewsApp/Pods-NewsApp.release.xcconfig"; sourceTree = "<group>"; };
/* End PBXFileReference section */

/* Begin PBXFrameworksBuildPhase section */
		2A476E641EB3DAE400D9FFC1 /* Frameworks */ = {
			isa = PBXFrameworksBuildPhase;
			buildActionMask = 2147483647;
			files = (
				62DAD0AED05130DB965DCE55 /* Pods_NewsApp.framework in Frameworks */,
			);
			runOnlyForDeploymentPostprocessing = 0;
		};
/* End PBXFrameworksBuildPhase section */

/* Begin PBXGroup section */
		0DAE27FE760097B733442C01 /* Frameworks */ = {
			isa = PBXGroup;
			children = (
				07D8E153AABE2E834E24B469 /* Pods_NewsApp.framework */,
			);
			name = Frameworks;
			sourceTree = "<group>";
		};
		2A476E5E1EB3DAE400D9FFC1 = {
			isa = PBXGroup;
			children = (
				2A476E691EB3DAE400D9FFC1 /* NewsApp */,
				2A476E681EB3DAE400D9FFC1 /* Products */,
				AFA7E1B974553EF2C47C14E8 /* Pods */,
				0DAE27FE760097B733442C01 /* Frameworks */,
			);
			sourceTree = "<group>";
		};
		2A476E681EB3DAE400D9FFC1 /* Products */ = {
			isa = PBXGroup;
			children = (
				2A476E671EB3DAE400D9FFC1 /* NewsApp.app */,
			);
			name = Products;
			sourceTree = "<group>";
		};
		2A476E691EB3DAE400D9FFC1 /* NewsApp */ = {
			isa = PBXGroup;
			children = (
				2A476E6A1EB3DAE400D9FFC1 /* AppDelegate.swift */,
				2A476E6C1EB3DAE400D9FFC1 /* ViewController.swift */,
				2A476E6E1EB3DAE400D9FFC1 /* Main.storyboard */,
				2A476E711EB3DAE400D9FFC1 /* Assets.xcassets */,
				2A476E731EB3DAE400D9FFC1 /* LaunchScreen.storyboard */,
				2A476E761EB3DAE400D9FFC1 /* Info.plist */,
				2A8A1B8D1EB5183F00808162 /* TableViewViewController.swift */,
				2A8A1B8F1EB5372300808162 /* DescirptionViewController.swift */,
				2A0AAA771EB642D300DC2CE4 /* WeatherViewController.swift */,
			);
			path = NewsApp;
			sourceTree = "<group>";
		};
		AFA7E1B974553EF2C47C14E8 /* Pods */ = {
			isa = PBXGroup;
			children = (
				0A4DAEB1D04FB5DAD3444076 /* Pods-NewsApp.debug.xcconfig */,
				DAFB8BC3CBD655825D4269A8 /* Pods-NewsApp.release.xcconfig */,
			);
			name = Pods;
			sourceTree = "<group>";
		};
/* End PBXGroup section */

/* Begin PBXNativeTarget section */
		2A476E661EB3DAE400D9FFC1 /* NewsApp */ = {
			isa = PBXNativeTarget;
			buildConfigurationList = 2A476E791EB3DAE400D9FFC1 /* Build configuration list for PBXNativeTarget "NewsApp" */;
			buildPhases = (
				0F65AC9172680E2883018D95 /* [CP] Check Pods Manifest.lock */,
				2A476E631EB3DAE400D9FFC1 /* Sources */,
				2A476E641EB3DAE400D9FFC1 /* Frameworks */,
				2A476E651EB3DAE400D9FFC1 /* Resources */,
				11A2D09CA61DDA49997B8D33 /* [CP] Embed Pods Frameworks */,
				CAFC58ABC5E0AB0E1EB66E04 /* [CP] Copy Pods Resources */,
			);
			buildRules = (
			);
			dependencies = (
			);
			name = NewsApp;
			productName = NewsApp;
			productReference = 2A476E671EB3DAE400D9FFC1 /* NewsApp.app */;
			productType = "com.apple.product-type.application";
		};
/* End PBXNativeTarget section */

/* Begin PBXProject section */
		2A476E5F1EB3DAE400D9FFC1 /* Project object */ = {
			isa = PBXProject;
			attributes = {
				LastSwiftUpdateCheck = 0830;
				LastUpgradeCheck = 0830;
				ORGANIZATIONNAME = "Mehul  Singhal ";
				TargetAttributes = {
					2A476E661EB3DAE400D9FFC1 = {
						CreatedOnToolsVersion = 8.3.2;
						ProvisioningStyle = Automatic;
					};
				};
			};
			buildConfigurationList = 2A476E621EB3DAE400D9FFC1 /* Build configuration list for PBXProject "NewsApp" */;
			compatibilityVersion = "Xcode 3.2";
			developmentRegion = English;
			hasScannedForEncodings = 0;
			knownRegions = (
				en,
				Base,
			);
			mainGroup = 2A476E5E1EB3DAE400D9FFC1;
			productRefGroup = 2A476E681EB3DAE400D9FFC1 /* Products */;
			projectDirPath = "";
			projectRoot = "";
			targets = (
				2A476E661EB3DAE400D9FFC1 /* NewsApp */,
			);
		};
/* End PBXProject section */

/* Begin PBXResourcesBuildPhase section */
		2A476E651EB3DAE400D9FFC1 /* Resources */ = {
			isa = PBXResourcesBuildPhase;
			buildActionMask = 2147483647;
			files = (
				2A476E751EB3DAE400D9FFC1 /* LaunchScreen.storyboard in Resources */,
				2A476E721EB3DAE400D9FFC1 /* Assets.xcassets in Resources */,
				2A476E701EB3DAE400D9FFC1 /* Main.storyboard in Resources */,
			);
			runOnlyForDeploymentPostprocessing = 0;
		};
/* End PBXResourcesBuildPhase section */

/* Begin PBXShellScriptBuildPhase section */
		0F65AC9172680E2883018D95 /* [CP] Check Pods Manifest.lock */ = {
			isa = PBXShellScriptBuildPhase;
			buildActionMask = 2147483647;
			files = (
			);
			inputPaths = (
			);
			name = "[CP] Check Pods Manifest.lock";
			outputPaths = (
			);
			runOnlyForDeploymentPostprocessing = 0;
			shellPath = /bin/sh;
			shellScript = "diff \"${PODS_PODFILE_DIR_PATH}/Podfile.lock\" \"${PODS_ROOT}/Manifest.lock\" > /dev/null\nif [ $? != 0 ] ; then\n    # print error to STDERR\n    echo \"error: The sandbox is not in sync with the Podfile.lock. Run 'pod install' or update your CocoaPods installation.\" >&2\n    exit 1\nfi\n";
			showEnvVarsInLog = 0;
		};
		11A2D09CA61DDA49997B8D33 /* [CP] Embed Pods Frameworks */ = {
			isa = PBXShellScriptBuildPhase;
			buildActionMask = 2147483647;
			files = (
			);
			inputPaths = (
			);
			name = "[CP] Embed Pods Frameworks";
			outputPaths = (
			);
			runOnlyForDeploymentPostprocessing = 0;
			shellPath = /bin/sh;
			shellScript = "\"${SRCROOT}/Pods/Target Support Files/Pods-NewsApp/Pods-NewsApp-frameworks.sh\"\n";
			showEnvVarsInLog = 0;
		};
		CAFC58ABC5E0AB0E1EB66E04 /* [CP] Copy Pods Resources */ = {
			isa = PBXShellScriptBuildPhase;
			buildActionMask = 2147483647;
			files = (
			);
			inputPaths = (
			);
			name = "[CP] Copy Pods Resources";
			outputPaths = (
			);
			runOnlyForDeploymentPostprocessing = 0;
			shellPath = /bin/sh;
			shellScript = "\"${SRCROOT}/Pods/Target Support Files/Pods-NewsApp/Pods-NewsApp-resources.sh\"\n";
			showEnvVarsInLog = 0;
		};
/* End PBXShellScriptBuildPhase section */

/* Begin PBXSourcesBuildPhase section */
		2A476E631EB3DAE400D9FFC1 /* Sources */ = {
			isa = PBXSourcesBuildPhase;
			buildActionMask = 2147483647;
			files = (
				2A476E6D1EB3DAE400D9FFC1 /* ViewController.swift in Sources */,
				2A0AAA781EB642D300DC2CE4 /* WeatherViewController.swift in Sources */,
				2A8A1B901EB5372300808162 /* DescirptionViewController.swift in Sources */,
				2A8A1B8E1EB5183F00808162 /* TableViewViewController.swift in Sources */,
				2A476E6B1EB3DAE400D9FFC1 /* AppDelegate.swift in Sources */,
			);
			runOnlyForDeploymentPostprocessing = 0;
		};
/* End PBXSourcesBuildPhase section */

/* Begin PBXVariantGroup section */
		2A476E6E1EB3DAE400D9FFC1 /* Main.storyboard */ = {
			isa = PBXVariantGroup;
			children = (
				2A476E6F1EB3DAE400D9FFC1 /* Base */,
			);
			name = Main.storyboard;
			sourceTree = "<group>";
		};
		2A476E731EB3DAE400D9FFC1 /* LaunchScreen.storyboard */ = {
			isa = PBXVariantGroup;
			children = (
				2A476E741EB3DAE400D9FFC1 /* Base */,
			);
			name = LaunchScreen.storyboard;
			sourceTree = "<group>";
		};
/* End PBXVariantGroup section */

/* Begin XCBuildConfiguration section */
		2A476E771EB3DAE400D9FFC1 /* Debug */ = {
			isa = XCBuildConfiguration;
			buildSettings = {
				ALWAYS_SEARCH_USER_PATHS = NO;
				CLANG_ANALYZER_NONNULL = YES;
				CLANG_ANALYZER_NUMBER_OBJECT_CONVERSION = YES_AGGRESSIVE;
				CLANG_CXX_LANGUAGE_STANDARD = "gnu++0x";
				CLANG_CXX_LIBRARY = "libc++";
				CLANG_ENABLE_MODULES = YES;
				CLANG_ENABLE_OBJC_ARC = YES;
				CLANG_WARN_BOOL_CONVERSION = YES;
				CLANG_WARN_CONSTANT_CONVERSION = YES;
				CLANG_WARN_DIRECT_OBJC_ISA_USAGE = YES_ERROR;
				CLANG_WARN_DOCUMENTATION_COMMENTS = YES;
				CLANG_WARN_EMPTY_BODY = YES;
				CLANG_WARN_ENUM_CONVERSION = YES;
				CLANG_WARN_INFINITE_RECURSION = YES;
				CLANG_WARN_INT_CONVERSION = YES;
				CLANG_WARN_OBJC_ROOT_CLASS = YES_ERROR;
				CLANG_WARN_SUSPICIOUS_MOVE = YES;
				CLANG_WARN_UNREACHABLE_CODE = YES;
				CLANG_WARN__DUPLICATE_METHOD_MATCH = YES;
				"CODE_SIGN_IDENTITY[sdk=iphoneos*]" = "iPhone Developer";
				COPY_PHASE_STRIP = NO;
				DEBUG_INFORMATION_FORMAT = dwarf;
				ENABLE_STRICT_OBJC_MSGSEND = YES;
				ENABLE_TESTABILITY = YES;
				GCC_C_LANGUAGE_STANDARD = gnu99;
				GCC_DYNAMIC_NO_PIC = NO;
				GCC_NO_COMMON_BLOCKS = YES;
				GCC_OPTIMIZATION_LEVEL = 0;
				GCC_PREPROCESSOR_DEFINITIONS = (
					"DEBUG=1",
					"$(inherited)",
				);
				GCC_WARN_64_TO_32_BIT_CONVERSION = YES;
				GCC_WARN_ABOUT_RETURN_TYPE = YES_ERROR;
				GCC_WARN_UNDECLARED_SELECTOR = YES;
				GCC_WARN_UNINITIALIZED_AUTOS = YES_AGGRESSIVE;
				GCC_WARN_UNUSED_FUNCTION = YES;
				GCC_WARN_UNUSED_VARIABLE = YES;
				IPHONEOS_DEPLOYMENT_TARGET = 10.3;
				MTL_ENABLE_DEBUG_INFO = YES;
				ONLY_ACTIVE_ARCH = YES;
				SDKROOT = iphoneos;
				SWIFT_ACTIVE_COMPILATION_CONDITIONS = DEBUG;
				SWIFT_OPTIMIZATION_LEVEL = "-Onone";
				TARGETED_DEVICE_FAMILY = "1,2";
			};
			name = Debug;
		};
		2A476E781EB3DAE400D9FFC1 /* Release */ = {
			isa = XCBuildConfiguration;
			buildSettings = {
				ALWAYS_SEARCH_USER_PATHS = NO;
				CLANG_ANALYZER_NONNULL = YES;
				CLANG_ANALYZER_NUMBER_OBJECT_CONVERSION = YES_AGGRESSIVE;
				CLANG_CXX_LANGUAGE_STANDARD = "gnu++0x";
				CLANG_CXX_LIBRARY = "libc++";
				CLANG_ENABLE_MODULES = YES;
				CLANG_ENABLE_OBJC_ARC = YES;
				CLANG_WARN_BOOL_CONVERSION = YES;
				CLANG_WARN_CONSTANT_CONVERSION = YES;
				CLANG_WARN_DIRECT_OBJC_ISA_USAGE = YES_ERROR;
				CLANG_WARN_DOCUMENTATION_COMMENTS = YES;
				CLANG_WARN_EMPTY_BODY = YES;
				CLANG_WARN_ENUM_CONVERSION = YES;
				CLANG_WARN_INFINITE_RECURSION = YES;
				CLANG_WARN_INT_CONVERSION = YES;
				CLANG_WARN_OBJC_ROOT_CLASS = YES_ERROR;
				CLANG_WARN_SUSPICIOUS_MOVE = YES;
				CLANG_WARN_UNREACHABLE_CODE = YES;
				CLANG_WARN__DUPLICATE_METHOD_MATCH = YES;
				"CODE_SIGN_IDENTITY[sdk=iphoneos*]" = "iPhone Developer";
				COPY_PHASE_STRIP = NO;
				DEBUG_INFORMATION_FORMAT = "dwarf-with-dsym";
				ENABLE_NS_ASSERTIONS = NO;
				ENABLE_STRICT_OBJC_MSGSEND = YES;
				GCC_C_LANGUAGE_STANDARD = gnu99;
				GCC_NO_COMMON_BLOCKS = YES;
				GCC_WARN_64_TO_32_BIT_CONVERSION = YES;
				GCC_WARN_ABOUT_RETURN_TYPE = YES_ERROR;
				GCC_WARN_UNDECLARED_SELECTOR = YES;
				GCC_WARN_UNINITIALIZED_AUTOS = YES_AGGRESSIVE;
				GCC_WARN_UNUSED_FUNCTION = YES;
				GCC_WARN_UNUSED_VARIABLE = YES;
				IPHONEOS_DEPLOYMENT_TARGET = 10.3;
				MTL_ENABLE_DEBUG_INFO = NO;
				SDKROOT = iphoneos;
				SWIFT_OPTIMIZATION_LEVEL = "-Owholemodule";
				TARGETED_DEVICE_FAMILY = "1,2";
				VALIDATE_PRODUCT = YES;
			};
			name = Release;
		};
		2A476E7A1EB3DAE400D9FFC1 /* Debug */ = {
			isa = XCBuildConfiguration;
			baseConfigurationReference = 0A4DAEB1D04FB5DAD3444076 /* Pods-NewsApp.debug.xcconfig */;
			buildSettings = {
				ASSETCATALOG_COMPILER_APPICON_NAME = AppIcon;
				INFOPLIST_FILE = NewsApp/Info.plist;
				LD_RUNPATH_SEARCH_PATHS = "$(inherited) @executable_path/Frameworks";
				PRODUCT_BUNDLE_IDENTIFIER = DrunkenLord.NewsApp;
				PRODUCT_NAME = "$(TARGET_NAME)";
				SWIFT_VERSION = 3.0;
			};
			name = Debug;
		};
		2A476E7B1EB3DAE400D9FFC1 /* Release */ = {
			isa = XCBuildConfiguration;
			baseConfigurationReference = DAFB8BC3CBD655825D4269A8 /* Pods-NewsApp.release.xcconfig */;
			buildSettings = {
				ASSETCATALOG_COMPILER_APPICON_NAME = AppIcon;
				INFOPLIST_FILE = NewsApp/Info.plist;
				LD_RUNPATH_SEARCH_PATHS = "$(inherited) @executable_path/Frameworks";
				PRODUCT_BUNDLE_IDENTIFIER = DrunkenLord.NewsApp;
				PRODUCT_NAME = "$(TARGET_NAME)";
				SWIFT_VERSION = 3.0;
			};
			name = Release;
		};
/* End XCBuildConfiguration section */

/* Begin XCConfigurationList section */
		2A476E621EB3DAE400D9FFC1 /* Build configuration list for PBXProject "NewsApp" */ = {
			isa = XCConfigurationList;
			buildConfigurations = (
				2A476E771EB3DAE400D9FFC1 /* Debug */,
				2A476E781EB3DAE400D9FFC1 /* Release */,
			);
			defaultConfigurationIsVisible = 0;
			defaultConfigurationName = Release;
		};
		2A476E791EB3DAE400D9FFC1 /* Build configuration list for PBXNativeTarget "NewsApp" */ = {
			isa = XCConfigurationList;
			buildConfigurations = (
				2A476E7A1EB3DAE400D9FFC1 /* Debug */,
				2A476E7B1EB3DAE400D9FFC1 /* Release */,
			);
			defaultConfigurationIsVisible = 0;
			defaultConfigurationName = Release;
		};
/* End XCConfigurationList section */
	};
	rootObject = 2A476E5F1EB3DAE400D9FFC1 /* Project object */;
}
